
Microsoft Visual Studio Solution File, Format Version 12.00
# Visual Studio 15
VisualStudioVersion = 15.0.27703.2042
MinimumVisualStudioVersion = 10.0.40219.1
Project("{FAE04EC0-301F-11D3-BF4B-00C04F79EFBC}") = "EqualityAndIdentity", "EqualityAndIdentity\EqualityAndIdentity.csproj", "{2AE8B122-5C0E-4CE3-B820-A4D963E9F773}"
EndProject
Project("{FAE04EC0-301F-11D3-BF4B-00C04F79EFBC}") = "EqualityAndIdentityTests", "EqualityAndIdentityTests\EqualityAndIdentityTests.csproj", "{8916385B-ACE7-4435-9C85-706BB373B75E}"
EndProject
Project("{FAE04EC0-301F-11D3-BF4B-00C04F79EFBC}") = "HashCodeDemo", "HashCodeDemo\HashCodeDemo.csproj", "{9FE1EB3D-B98E-4AF4-AF1A-C566E44DE94B}"
EndProject
Project("{FAE04EC0-301F-11D3-BF4B-00C04F79EFBC}") = "HashCodeDemoTests", "HashCodeDemoTests\HashCodeDemoTests.csproj", "{7E5526B7-3510-4414-84E3-76B3ECAFD7FA}"
EndProject
Project("{FAE04EC0-301F-11D3-BF4B-00C04F79EFBC}") = "CastBetweenTypes", "CastBetweenTypes\CastBetweenTypes.csproj", "{5B3603AD-E1BA-459C-BA7C-5A861E0992E4}"
EndProject
Project("{FAE04EC0-301F-11D3-BF4B-00C04F79EFBC}") = "PassParamsByRefOrValue", "PassParamsByRefOrValue\PassParamsByRefOrValue.csproj", "{879205A6-BEDC-4CD8-9249-ACB906D05FCB}"
EndProject
Project("{FAE04EC0-301F-11D3-BF4B-00C04F79EFBC}") = "PassParamsByRefOrValueTests", "PassParamsByRefOrValueTests\PassParamsByRefOrValueTests.csproj", "{B7993727-03AB-400E-A575-C95E79D06AE3}"
EndProject
Project("{FAE04EC0-301F-11D3-BF4B-00C04F79EFBC}") = "MSIL", "MSIL\MSIL.csproj", "{0A5560B1-A21A-4585-9DDD-DAE85BA4F66C}"
EndProject
Global
	GlobalSection(SolutionConfigurationPlatforms) = preSolution
		Debug|Any CPU = Debug|Any CPU
		Release|Any CPU = Release|Any CPU
	EndGlobalSection
	GlobalSection(ProjectConfigurationPlatforms) = postSolution
		{2AE8B122-5C0E-4CE3-B820-A4D963E9F773}.Debug|Any CPU.ActiveCfg = Debug|Any CPU
		{2AE8B122-5C0E-4CE3-B820-A4D963E9F773}.Debug|Any CPU.Build.0 = Debug|Any CPU
		{2AE8B122-5C0E-4CE3-B820-A4D963E9F773}.Release|Any CPU.ActiveCfg = Release|Any CPU
		{2AE8B122-5C0E-4CE3-B820-A4D963E9F773}.Release|Any CPU.Build.0 = Release|Any CPU
		{8916385B-ACE7-4435-9C85-706BB373B75E}.Debug|Any CPU.ActiveCfg = Debug|Any CPU
		{8916385B-ACE7-4435-9C85-706BB373B75E}.Debug|Any CPU.Build.0 = Debug|Any CPU
		{8916385B-ACE7-4435-9C85-706BB373B75E}.Release|Any CPU.ActiveCfg = Release|Any CPU
		{8916385B-ACE7-4435-9C85-706BB373B75E}.Release|Any CPU.Build.0 = Release|Any CPU
		{9FE1EB3D-B98E-4AF4-AF1A-C566E44DE94B}.Debug|Any CPU.ActiveCfg = Debug|Any CPU
		{9FE1EB3D-B98E-4AF4-AF1A-C566E44DE94B}.Debug|Any CPU.Build.0 = Debug|Any CPU
		{9FE1EB3D-B98E-4AF4-AF1A-C566E44DE94B}.Release|Any CPU.ActiveCfg = Release|Any CPU
		{9FE1EB3D-B98E-4AF4-AF1A-C566E44DE94B}.Release|Any CPU.Build.0 = Release|Any CPU
		{7E5526B7-3510-4414-84E3-76B3ECAFD7FA}.Debug|Any CPU.ActiveCfg = Debug|Any CPU
		{7E5526B7-3510-4414-84E3-76B3ECAFD7FA}.Debug|Any CPU.Build.0 = Debug|Any CPU
		{7E5526B7-3510-4414-84E3-76B3ECAFD7FA}.Release|Any CPU.ActiveCfg = Release|Any CPU
		{7E5526B7-3510-4414-84E3-76B3ECAFD7FA}.Release|Any CPU.Build.0 = Release|Any CPU
		{5B3603AD-E1BA-459C-BA7C-5A861E0992E4}.Debug|Any CPU.ActiveCfg = Debug|Any CPU
		{5B3603AD-E1BA-459C-BA7C-5A861E0992E4}.Debug|Any CPU.Build.0 = Debug|Any CPU
		{5B3603AD-E1BA-459C-BA7C-5A861E0992E4}.Release|Any CPU.ActiveCfg = Release|Any CPU
		{5B3603AD-E1BA-459C-BA7C-5A861E0992E4}.Release|Any CPU.Build.0 = Release|Any CPU
		{879205A6-BEDC-4CD8-9249-ACB906D05FCB}.Debug|Any CPU.ActiveCfg = Debug|Any CPU
		{879205A6-BEDC-4CD8-9249-ACB906D05FCB}.Debug|Any CPU.Build.0 = Debug|Any CPU
		{879205A6-BEDC-4CD8-9249-ACB906D05FCB}.Release|Any CPU.ActiveCfg = Release|Any CPU
		{879205A6-BEDC-4CD8-9249-ACB906D05FCB}.Release|Any CPU.Build.0 = Release|Any CPU
		{B7993727-03AB-400E-A575-C95E79D06AE3}.Debug|Any CPU.ActiveCfg = Debug|Any CPU
		{B7993727-03AB-400E-A575-C95E79D06AE3}.Debug|Any CPU.Build.0 = Debug|Any CPU
		{B7993727-03AB-400E-A575-C95E79D06AE3}.Release|Any CPU.ActiveCfg = Release|Any CPU
		{B7993727-03AB-400E-A575-C95E79D06AE3}.Release|Any CPU.Build.0 = Release|Any CPU
		{0A5560B1-A21A-4585-9DDD-DAE85BA4F66C}.Debug|Any CPU.ActiveCfg = Debug|Any CPU
		{0A5560B1-A21A-4585-9DDD-DAE85BA4F66C}.Debug|Any CPU.Build.0 = Debug|Any CPU
		{0A5560B1-A21A-4585-9DDD-DAE85BA4F66C}.Release|Any CPU.ActiveCfg = Release|Any CPU
		{0A5560B1-A21A-4585-9DDD-DAE85BA4F66C}.Release|Any CPU.Build.0 = Release|Any CPU
	EndGlobalSection
	GlobalSection(SolutionProperties) = preSolution
		HideSolutionNode = FALSE
	EndGlobalSection
	GlobalSection(ExtensibilityGlobals) = postSolution
		SolutionGuid = {920DAA63-7DEC-4F5E-B08C-C1B007854597}
	EndGlobalSection
EndGlobal
